
Microsoft Visual Studio Solution File, Format Version 12.00
# Visual Studio 14
VisualStudioVersion = 14.0.24720.0
MinimumVisualStudioVersion = 10.0.40219.1
Project("{2150E333-8FDC-42A3-9474-1A3956D46DE8}") = "src", "src", "{EB961835-450D-40CD-A467-E239D25048A9}"
EndProject
Project("{2150E333-8FDC-42A3-9474-1A3956D46DE8}") = "Solution Items", "Solution Items", "{DE6C346C-9325-4C91-BE50-39181F7E1653}"
	ProjectSection(SolutionItems) = preProject
		global.json = global.json
	EndProjectSection
EndProject
Project("{8BB2217D-0F2D-49D1-97BC-3654ED321F3B}") = "MVAMVC", "src\MVAMVC\MVAMVC.xproj", "{FA0B831F-1153-4E47-98F4-1B65571D0FBD}"
EndProject
Global
	GlobalSection(SolutionConfigurationPlatforms) = preSolution
		Debug|Any CPU = Debug|Any CPU
		Release|Any CPU = Release|Any CPU
	EndGlobalSection
	GlobalSection(ProjectConfigurationPlatforms) = postSolution
		{FA0B831F-1153-4E47-98F4-1B65571D0FBD}.Debug|Any CPU.ActiveCfg = Debug|Any CPU
		{FA0B831F-1153-4E47-98F4-1B65571D0FBD}.Debug|Any CPU.Build.0 = Debug|Any CPU
		{FA0B831F-1153-4E47-98F4-1B65571D0FBD}.Release|Any CPU.ActiveCfg = Release|Any CPU
		{FA0B831F-1153-4E47-98F4-1B65571D0FBD}.Release|Any CPU.Build.0 = Release|Any CPU
	EndGlobalSection
	GlobalSection(SolutionProperties) = preSolution
		HideSolutionNode = FALSE
	EndGlobalSection
	GlobalSection(NestedProjects) = preSolution
		{FA0B831F-1153-4E47-98F4-1B65571D0FBD} = {EB961835-450D-40CD-A467-E239D25048A9}
	EndGlobalSection
EndGlobal
